
Microsoft Visual Studio Solution File, Format Version 12.00
# Visual Studio Version 17
VisualStudioVersion = 17.0.31903.59
MinimumVisualStudioVersion = 10.0.40219.1
Project("{FAE04EC0-301F-11D3-BF4B-00C04F79EFBC}") = "Crews.PlanningCenter.Models", "Crews.PlanningCenter.Models\Crews.PlanningCenter.Models.csproj", "{4AD1D5DA-2E44-402D-89B1-D21AA63B709F}"
EndProject
Global
	GlobalSection(SolutionConfigurationPlatforms) = preSolution
		Debug|Any CPU = Debug|Any CPU
		Release|Any CPU = Release|Any CPU
	EndGlobalSection
	GlobalSection(SolutionProperties) = preSolution
		HideSolutionNode = FALSE
	EndGlobalSection
	GlobalSection(ProjectConfigurationPlatforms) = postSolution
		{4AD1D5DA-2E44-402D-89B1-D21AA63B709F}.Debug|Any CPU.ActiveCfg = Debug|Any CPU
		{4AD1D5DA-2E44-402D-89B1-D21AA63B709F}.Debug|Any CPU.Build.0 = Debug|Any CPU
		{4AD1D5DA-2E44-402D-89B1-D21AA63B709F}.Release|Any CPU.ActiveCfg = Release|Any CPU
		{4AD1D5DA-2E44-402D-89B1-D21AA63B709F}.Release|Any CPU.Build.0 = Release|Any CPU
	EndGlobalSection
EndGlobal
